
Microsoft Visual Studio Solution File, Format Version 12.00
# Visual Studio Version 17
VisualStudioVersion = 17.7.34003.232
MinimumVisualStudioVersion = 10.0.40219.1
Project("{FAE04EC0-301F-11D3-BF4B-00C04F79EFBC}") = "FarmingProject", "FarmingProject.csproj", "{798AA151-6AFA-42A6-80B6-A81B52EFAD62}"
EndProject
Global
	GlobalSection(SolutionConfigurationPlatforms) = preSolution
		Debug|Any CPU = Debug|Any CPU
		Release|Any CPU = Release|Any CPU
	EndGlobalSection
	GlobalSection(ProjectConfigurationPlatforms) = postSolution
		{798AA151-6AFA-42A6-80B6-A81B52EFAD62}.Debug|Any CPU.ActiveCfg = Debug|Any CPU
		{798AA151-6AFA-42A6-80B6-A81B52EFAD62}.Debug|Any CPU.Build.0 = Debug|Any CPU
		{798AA151-6AFA-42A6-80B6-A81B52EFAD62}.Release|Any CPU.ActiveCfg = Release|Any CPU
		{798AA151-6AFA-42A6-80B6-A81B52EFAD62}.Release|Any CPU.Build.0 = Release|Any CPU
	EndGlobalSection
	GlobalSection(SolutionProperties) = preSolution
		HideSolutionNode = FALSE
	EndGlobalSection
	GlobalSection(ExtensibilityGlobals) = postSolution
		SolutionGuid = {C3BFA2D4-E6D6-4357-8FDA-BB1217422CF7}
	EndGlobalSection
EndGlobal
